
Microsoft Visual Studio Solution File, Format Version 12.00
# Visual Studio Version 17
VisualStudioVersion = 17.13.35931.197
MinimumVisualStudioVersion = 10.0.40219.1
Project("{FAE04EC0-301F-11D3-BF4B-00C04F79EFBC}") = "API", "UserAPI\API\API.csproj", "{0AD0C10B-5572-4665-B7A9-116C0CC77C9E}"
EndProject
Project("{FAE04EC0-301F-11D3-BF4B-00C04F79EFBC}") = "Application", "UserAPI\Application\Application.csproj", "{3DC9B55C-7242-4CB7-B6FD-FFAD73125AB3}"
EndProject
Project("{FAE04EC0-301F-11D3-BF4B-00C04F79EFBC}") = "Domain", "UserAPI\Domain\Domain.csproj", "{B259C0A6-22BE-471A-BA16-C890DF3F8080}"
EndProject
Project("{FAE04EC0-301F-11D3-BF4B-00C04F79EFBC}") = "Infrastructure", "UserAPI\Infrastructure\Infrastructure.csproj", "{F2CBD929-98A7-42D6-8468-E36B13DB7B0F}"
EndProject
Project("{2150E333-8FDC-42A3-9474-1A3956D46DE8}") = "UserAPI", "UserAPI", "{02EA681E-C7D8-13C7-8484-4AC65E1B71E8}"
EndProject
Project("{2150E333-8FDC-42A3-9474-1A3956D46DE8}") = "ProjectAPI", "ProjectAPI", "{0A78CAB5-21DD-48CF-949A-8DAE052E3D5F}"
EndProject
Project("{2150E333-8FDC-42A3-9474-1A3956D46DE8}") = "pipelines", "pipelines", "{8EC462FD-D22E-90A8-E5CE-7E832BA40C5D}"
	ProjectSection(SolutionItems) = preProject
		docker-compose.yml = docker-compose.yml
	EndProjectSection
EndProject
Project("{FAE04EC0-301F-11D3-BF4B-00C04F79EFBC}") = "API", "ProjectAPI\API\API.csproj", "{89DF13B7-711A-4E08-9533-4C29E26AEEF3}"
EndProject
Project("{FAE04EC0-301F-11D3-BF4B-00C04F79EFBC}") = "Application", "ProjectAPI\Application\Application.csproj", "{65C4EA5D-3BA1-4EDB-8ACB-816639154992}"
EndProject
Project("{FAE04EC0-301F-11D3-BF4B-00C04F79EFBC}") = "Infrastructure", "ProjectAPI\Infrastructure\Infrastructure.csproj", "{79290F91-E5D8-41E8-A68E-9E5522B99BAF}"
EndProject
Project("{FAE04EC0-301F-11D3-BF4B-00C04F79EFBC}") = "Domain", "ProjectAPI\Domain\Domain.csproj", "{526141FD-BB15-4821-8A82-27A3C74CB520}"
EndProject
Project("{2150E333-8FDC-42A3-9474-1A3956D46DE8}") = "Shared", "Shared", "{6DCEEA34-7EED-4CBF-9AA2-1E73C8489A96}"
EndProject
Project("{FAE04EC0-301F-11D3-BF4B-00C04F79EFBC}") = "Common", "Common\Common.csproj", "{DF4B1F9F-F387-4419-9C4F-B5F139741C4B}"
EndProject
Project("{2150E333-8FDC-42A3-9474-1A3956D46DE8}") = "Tests", "Tests", "{12B7F9B4-86E0-44FE-9AC8-A7B4D11E3136}"
EndProject
Project("{FAE04EC0-301F-11D3-BF4B-00C04F79EFBC}") = "ProjectAPI.Tests", "ProjectAPI.Tests\ProjectAPI.Tests.csproj", "{4E438D9A-D7DD-4F15-AA5F-69A5CCCA18D3}"
EndProject
Project("{2150E333-8FDC-42A3-9474-1A3956D46DE8}") = "Solution Items", "Solution Items", "{E0473B3C-B816-42E0-ADE0-8AF823E6C330}"
	ProjectSection(SolutionItems) = preProject
		README.md = README.md
	EndProjectSection
EndProject
Global
	GlobalSection(SolutionConfigurationPlatforms) = preSolution
		Debug|Any CPU = Debug|Any CPU
		Release|Any CPU = Release|Any CPU
	EndGlobalSection
	GlobalSection(ProjectConfigurationPlatforms) = postSolution
		{0AD0C10B-5572-4665-B7A9-116C0CC77C9E}.Debug|Any CPU.ActiveCfg = Debug|Any CPU
		{0AD0C10B-5572-4665-B7A9-116C0CC77C9E}.Debug|Any CPU.Build.0 = Debug|Any CPU
		{0AD0C10B-5572-4665-B7A9-116C0CC77C9E}.Release|Any CPU.ActiveCfg = Release|Any CPU
		{0AD0C10B-5572-4665-B7A9-116C0CC77C9E}.Release|Any CPU.Build.0 = Release|Any CPU
		{3DC9B55C-7242-4CB7-B6FD-FFAD73125AB3}.Debug|Any CPU.ActiveCfg = Debug|Any CPU
		{3DC9B55C-7242-4CB7-B6FD-FFAD73125AB3}.Debug|Any CPU.Build.0 = Debug|Any CPU
		{3DC9B55C-7242-4CB7-B6FD-FFAD73125AB3}.Release|Any CPU.ActiveCfg = Release|Any CPU
		{3DC9B55C-7242-4CB7-B6FD-FFAD73125AB3}.Release|Any CPU.Build.0 = Release|Any CPU
		{B259C0A6-22BE-471A-BA16-C890DF3F8080}.Debug|Any CPU.ActiveCfg = Debug|Any CPU
		{B259C0A6-22BE-471A-BA16-C890DF3F8080}.Debug|Any CPU.Build.0 = Debug|Any CPU
		{B259C0A6-22BE-471A-BA16-C890DF3F8080}.Release|Any CPU.ActiveCfg = Release|Any CPU
		{B259C0A6-22BE-471A-BA16-C890DF3F8080}.Release|Any CPU.Build.0 = Release|Any CPU
		{F2CBD929-98A7-42D6-8468-E36B13DB7B0F}.Debug|Any CPU.ActiveCfg = Debug|Any CPU
		{F2CBD929-98A7-42D6-8468-E36B13DB7B0F}.Debug|Any CPU.Build.0 = Debug|Any CPU
		{F2CBD929-98A7-42D6-8468-E36B13DB7B0F}.Release|Any CPU.ActiveCfg = Release|Any CPU
		{F2CBD929-98A7-42D6-8468-E36B13DB7B0F}.Release|Any CPU.Build.0 = Release|Any CPU
		{89DF13B7-711A-4E08-9533-4C29E26AEEF3}.Debug|Any CPU.ActiveCfg = Debug|Any CPU
		{89DF13B7-711A-4E08-9533-4C29E26AEEF3}.Debug|Any CPU.Build.0 = Debug|Any CPU
		{89DF13B7-711A-4E08-9533-4C29E26AEEF3}.Release|Any CPU.ActiveCfg = Release|Any CPU
		{89DF13B7-711A-4E08-9533-4C29E26AEEF3}.Release|Any CPU.Build.0 = Release|Any CPU
		{65C4EA5D-3BA1-4EDB-8ACB-816639154992}.Debug|Any CPU.ActiveCfg = Debug|Any CPU
		{65C4EA5D-3BA1-4EDB-8ACB-816639154992}.Debug|Any CPU.Build.0 = Debug|Any CPU
		{65C4EA5D-3BA1-4EDB-8ACB-816639154992}.Release|Any CPU.ActiveCfg = Release|Any CPU
		{65C4EA5D-3BA1-4EDB-8ACB-816639154992}.Release|Any CPU.Build.0 = Release|Any CPU
		{79290F91-E5D8-41E8-A68E-9E5522B99BAF}.Debug|Any CPU.ActiveCfg = Debug|Any CPU
		{79290F91-E5D8-41E8-A68E-9E5522B99BAF}.Debug|Any CPU.Build.0 = Debug|Any CPU
		{79290F91-E5D8-41E8-A68E-9E5522B99BAF}.Release|Any CPU.ActiveCfg = Release|Any CPU
		{79290F91-E5D8-41E8-A68E-9E5522B99BAF}.Release|Any CPU.Build.0 = Release|Any CPU
		{526141FD-BB15-4821-8A82-27A3C74CB520}.Debug|Any CPU.ActiveCfg = Debug|Any CPU
		{526141FD-BB15-4821-8A82-27A3C74CB520}.Debug|Any CPU.Build.0 = Debug|Any CPU
		{526141FD-BB15-4821-8A82-27A3C74CB520}.Release|Any CPU.ActiveCfg = Release|Any CPU
		{526141FD-BB15-4821-8A82-27A3C74CB520}.Release|Any CPU.Build.0 = Release|Any CPU
		{DF4B1F9F-F387-4419-9C4F-B5F139741C4B}.Debug|Any CPU.ActiveCfg = Debug|Any CPU
		{DF4B1F9F-F387-4419-9C4F-B5F139741C4B}.Debug|Any CPU.Build.0 = Debug|Any CPU
		{DF4B1F9F-F387-4419-9C4F-B5F139741C4B}.Release|Any CPU.ActiveCfg = Release|Any CPU
		{DF4B1F9F-F387-4419-9C4F-B5F139741C4B}.Release|Any CPU.Build.0 = Release|Any CPU
		{4E438D9A-D7DD-4F15-AA5F-69A5CCCA18D3}.Debug|Any CPU.ActiveCfg = Debug|Any CPU
		{4E438D9A-D7DD-4F15-AA5F-69A5CCCA18D3}.Debug|Any CPU.Build.0 = Debug|Any CPU
		{4E438D9A-D7DD-4F15-AA5F-69A5CCCA18D3}.Release|Any CPU.ActiveCfg = Release|Any CPU
		{4E438D9A-D7DD-4F15-AA5F-69A5CCCA18D3}.Release|Any CPU.Build.0 = Release|Any CPU
	EndGlobalSection
	GlobalSection(SolutionProperties) = preSolution
		HideSolutionNode = FALSE
	EndGlobalSection
	GlobalSection(NestedProjects) = preSolution
		{0AD0C10B-5572-4665-B7A9-116C0CC77C9E} = {02EA681E-C7D8-13C7-8484-4AC65E1B71E8}
		{3DC9B55C-7242-4CB7-B6FD-FFAD73125AB3} = {02EA681E-C7D8-13C7-8484-4AC65E1B71E8}
		{B259C0A6-22BE-471A-BA16-C890DF3F8080} = {02EA681E-C7D8-13C7-8484-4AC65E1B71E8}
		{F2CBD929-98A7-42D6-8468-E36B13DB7B0F} = {02EA681E-C7D8-13C7-8484-4AC65E1B71E8}
		{89DF13B7-711A-4E08-9533-4C29E26AEEF3} = {0A78CAB5-21DD-48CF-949A-8DAE052E3D5F}
		{65C4EA5D-3BA1-4EDB-8ACB-816639154992} = {0A78CAB5-21DD-48CF-949A-8DAE052E3D5F}
		{79290F91-E5D8-41E8-A68E-9E5522B99BAF} = {0A78CAB5-21DD-48CF-949A-8DAE052E3D5F}
		{526141FD-BB15-4821-8A82-27A3C74CB520} = {0A78CAB5-21DD-48CF-949A-8DAE052E3D5F}
		{DF4B1F9F-F387-4419-9C4F-B5F139741C4B} = {6DCEEA34-7EED-4CBF-9AA2-1E73C8489A96}
		{4E438D9A-D7DD-4F15-AA5F-69A5CCCA18D3} = {12B7F9B4-86E0-44FE-9AC8-A7B4D11E3136}
	EndGlobalSection
	GlobalSection(ExtensibilityGlobals) = postSolution
		SolutionGuid = {C431FF5D-FC49-45C9-B200-C6B3B8AE347F}
	EndGlobalSection
EndGlobal
